{
	"name": "cnc-language-server",
	"version": "1.0.0",
	"lockfileVersion": 3,
	"requires": true,
	"packages": {
		"": {
			"name": "cnc-language-server",
			"version": "1.0.0",
			"license": "MIT",
			"dependencies": {
				"ignore": "^5.2.4",
				"log4js": "^6.7.1",
				"minimatch": "^9.0.3",
				"ts-pegjs": "^4.2.2",
				"vscode-languageserver": "^9.0.1",
				"vscode-languageserver-textdocument": "^1.0.11",
				"vscode-uri": "^3.0.8"
			},
			"engines": {
				"node": "*"
			}
		},
		"node_modules/@pkgr/core": {
			"version": "0.3.6",
			"resolved": "https://registry.npmjs.org/@pkgr/core/-/core-0.3.6.tgz",
			"integrity": "sha512-SEeaJLb3qBNF/OaXnaR1NmmBbFYk1zC0ZH/52fATcRPLFg/p791YrcyFFy44Bo9sLaGuSuLp5Q6axbb/O+v/RA==",
			"license": "MIT",
			"engines": {
				"node": "^14.18.0 || >=16.0.0"
			},
			"funding": {
				"url": "https://opencollective.com/pkgr"
			}
		},
		"node_modules/@ts-morph/common": {
			"version": "0.29.0",
			"resolved": "https://registry.npmjs.org/@ts-morph/common/-/common-0.29.0.tgz",
			"integrity": "sha512-35oUmphHbJvQ/+UTwFNme/t2p3FoKiGJ5auTjjpNTop2dyREspirjMy82PLSC1pnDJ8ah1GU98hwpVt64YXQsg==",
			"license": "MIT",
			"dependencies": {
				"minimatch": "^10.0.1",
				"path-browserify": "^1.0.1",
				"tinyglobby": "^0.2.14"
			}
		},
		"node_modules/@ts-morph/common/node_modules/balanced-match": {
			"version": "4.0.4",
			"resolved": "https://registry.npmjs.org/balanced-match/-/balanced-match-4.0.4.tgz",
			"integrity": "sha512-BLrgEcRTwX2o6gGxGOCNyMvGSp35YofuYzw9h1IMTRmKqttAZZVU67bdb9Pr2vUHA8+j3i2tJfjO6C6+4myGTA==",
			"license": "MIT",
			"engines": {
				"node": "18 || 20 || >=22"
			}
		},
		"node_modules/@ts-morph/common/node_modules/brace-expansion": {
			"version": "5.0.12",
			"resolved": "https://registry.npmjs.org/brace-expansion/-/brace-expansion-5.0.12.tgz",
			"integrity": "sha512-YovQ3rzhaLMIrDjNDMkNS01tea93qhEhG5xy8f6+R0l+dw3Ki+5sCoIoI942iuLZTHWogWktgwVDhU09iNEimQ==",
			"license": "MIT",
			"dependencies": {
				"balanced-match": "^4.0.2"
			},
			"engines": {
				"node": "20 || >=22"
			}
		},
		"node_modules/@ts-morph/common/node_modules/minimatch": {
			"version": "10.2.6",
			"resolved": "https://registry.npmjs.org/minimatch/-/minimatch-10.2.6.tgz",
			"integrity": "sha512-vpLQEs+VLCr1nU0BXS07maYoFwlDAH0gngQuuttxIwutDFEMHq2blX+8vpgxDdK3J1PwjCJiep77OitTZ4Ll1A==",
			"license": "BlueOak-1.0.0",
			"dependencies": {
				"brace-expansion": "^5.0.8"
			},
			"engines": {
				"node": "18 || 20 || >=22"
			},
			"funding": {
				"url": "https://github.com/sponsors/isaacs"
			}
		},
		"node_modules/balanced-match": {
			"version": "1.0.2",
			"resolved": "https://registry.npmjs.org/balanced-match/-/balanced-match-1.0.2.tgz",
			"integrity": "sha512-3oSeUO0TMV67hN1AmbXsK4yaqU7tjiHlbxRDZOpH0KW9+CeX4bRAaX0Anxt0tx2MrpRpWwQaPwIlISEJhYU5Pw==",
			"license": "MIT"
		},
		"node_modules/brace-expansion": {
			"version": "2.1.2",
			"resolved": "https://registry.npmjs.org/brace-expansion/-/brace-expansion-2.1.2.tgz",
			"integrity": "sha512-w5JZcKgdhDOgOwm8H+KgbosopHMuGcl6qbulwjtz3SM7I7P3yW1eAjzMPLrIE+NQ9vjgANKHWeMHnrT0OXW1oA==",
			"license": "MIT",
			"dependencies": {
				"balanced-match": "^1.0.0"
			}
		},
		"node_modules/code-block-writer": {
			"version": "13.0.3",
			"resolved": "https://registry.npmjs.org/code-block-writer/-/code-block-writer-13.0.3.tgz",
			"integrity": "sha512-Oofo0pq3IKnsFtuHqSF7TqBfr71aeyZDVJ0HpmqB7FBM2qEigL0iPONSCZSO9pE9dZTAxANe5XHG9Uy0YMv8cg==",
			"license": "MIT"
		},
		"node_modules/commander": {
			"version": "10.0.1",
			"resolved": "https://registry.npmjs.org/commander/-/commander-10.0.1.tgz",
			"integrity": "sha512-y4Mg2tXshplEbSGzx7amzPwKKOCGuoSRP/CjEdwwk0FOGlUbq6lKuoyDZTNZkmxHdJtp54hdfY/JUrdL7Xfdug==",
			"license": "MIT",
			"peer": true,
			"engines": {
				"node": ">=14"
			}
		},
		"node_modules/date-format": {
			"version": "4.0.14",
			"resolved": "https://registry.npmjs.org/date-format/-/date-format-4.0.14.tgz",
			"integrity": "sha512-39BOQLs9ZjKh0/patS9nrT8wc3ioX3/eA/zgbKNopnF2wCqJEoxywwwElATYvRsXdnOxA/OQeQoFZ3rFjVajhg==",
			"engines": {
				"node": ">=4.0"
			}
		},
		"node_modules/debug": {
			"version": "4.3.4",
			"resolved": "https://registry.npmjs.org/debug/-/debug-4.3.4.tgz",
			"integrity": "sha512-PRWFHuSU3eDtQJPvnNY7Jcket1j0t5OuOsFzPPzsekD52Zl8qUfFIPEiswXqIvHWGVHOgX+7G/vCNNhehwxfkQ==",
			"dependencies": {
				"ms": "2.1.2"
			},
			"engines": {
				"node": ">=6.0"
			},
			"peerDependenciesMeta": {
				"supports-color": {
					"optional": true
				}
			}
		},
		"node_modules/fdir": {
			"version": "6.5.0",
			"resolved": "https://registry.npmjs.org/fdir/-/fdir-6.5.0.tgz",
			"integrity": "sha512-tIbYtZbucOs0BRGqPJkshJUYdL+SDH7dVM8gjy+ERp3WAUjLEFJE+02kanyHtwjWOnwrKYBiwAmM0p4kLJAnXg==",
			"license": "MIT",
			"engines": {
				"node": ">=12.0.0"
			},
			"peerDependencies": {
				"picomatch": "^3 || ^4"
			},
			"peerDependenciesMeta": {
				"picomatch": {
					"optional": true
				}
			}
		},
		"node_modules/flatted": {
			"version": "3.4.2",
			"resolved": "https://registry.npmjs.org/flatted/-/flatted-3.4.2.tgz",
			"integrity": "sha512-PjDse7RzhcPkIJwy5t7KPWQSZ9cAbzQXcafsetQoD7sOJRQlGikNbx7yZp2OotDnJyrDcbyRq3Ttb18iYOqkxA==",
			"license": "ISC"
		},
		"node_modules/fs-extra": {
			"version": "8.1.0",
			"resolved": "https://registry.npmjs.org/fs-extra/-/fs-extra-8.1.0.tgz",
			"integrity": "sha512-yhlQgA6mnOJUKOsRUFsgJdQCvkKhcz8tlZG5HBQfReYZy46OwLcY+Zia0mtdHsOo9y/hP+CxMN0TU9QxoOtG4g==",
			"dependencies": {
				"graceful-fs": "^4.2.0",
				"jsonfile": "^4.0.0",
				"universalify": "^0.1.0"
			},
			"engines": {
				"node": ">=6 <7 || >=8"
			}
		},
		"node_modules/graceful-fs": {
			"version": "4.2.11",
			"resolved": "https://registry.npmjs.org/graceful-fs/-/graceful-fs-4.2.11.tgz",
			"integrity": "sha512-RbJ5/jmFcNNCcDV5o9eTnBLJ/HszWV0P73bc+Ff4nS/rJj+YaS6IGyiOL0VoBYX+l1Wrl3k63h/KrH+nhJ0XvQ=="
		},
		"node_modules/ignore": {
			"version": "5.2.4",
			"resolved": "https://registry.npmjs.org/ignore/-/ignore-5.2.4.tgz",
			"integrity": "sha512-MAb38BcSbH0eHNBxn7ql2NH/kX33OkB3lZ1BNdh7ENeRChHTYsTvWrMubiIAMNS2llXEEgZ1MUOBtXChP3kaFQ==",
			"engines": {
				"node": ">= 4"
			}
		},
		"node_modules/jsonfile": {
			"version": "4.0.0",
			"resolved": "https://registry.npmjs.org/jsonfile/-/jsonfile-4.0.0.tgz",
			"integrity": "sha512-m6F1R3z8jjlf2imQHS2Qez5sjKWQzbuuhuJ/FKYFRZvPE3PuHcSMVZzfsLhGVOkfd20obL5SWEBew5ShlquNxg==",
			"optionalDependencies": {
				"graceful-fs": "^4.1.6"
			}
		},
		"node_modules/log4js": {
			"version": "6.9.1",
			"resolved": "https://registry.npmjs.org/log4js/-/log4js-6.9.1.tgz",
			"integrity": "sha512-1somDdy9sChrr9/f4UlzhdaGfDR2c/SaD2a4T7qEkG4jTS57/B3qmnjLYePwQ8cqWnUHZI0iAKxMBpCZICiZ2g==",
			"dependencies": {
				"date-format": "^4.0.14",
				"debug": "^4.3.4",
				"flatted": "^3.2.7",
				"rfdc": "^1.3.0",
				"streamroller": "^3.1.5"
			},
			"engines": {
				"node": ">=8.0"
			}
		},
		"node_modules/minimatch": {
			"version": "9.0.9",
			"resolved": "https://registry.npmjs.org/minimatch/-/minimatch-9.0.9.tgz",
			"integrity": "sha512-OBwBN9AL4dqmETlpS2zasx+vTeWclWzkblfZk7KTA5j3jeOONz/tRCnZomUyvNg83wL5Zv9Ss6HMJXAgL8R2Yg==",
			"license": "ISC",
			"dependencies": {
				"brace-expansion": "^2.0.2"
			},
			"engines": {
				"node": ">=16 || 14 >=14.17"
			},
			"funding": {
				"url": "https://github.com/sponsors/isaacs"
			}
		},
		"node_modules/ms": {
			"version": "2.1.2",
			"resolved": "https://registry.npmjs.org/ms/-/ms-2.1.2.tgz",
			"integrity": "sha512-sGkPx+VjMtmA6MX27oA4FBFELFCZZ4S4XqeGOXCv68tT+jb3vk/RyaKWP0PTKyWtmLSM0b+adUTEvbs1PEaH2w=="
		},
		"node_modules/path-browserify": {
			"version": "1.0.1",
			"resolved": "https://registry.npmjs.org/path-browserify/-/path-browserify-1.0.1.tgz",
			"integrity": "sha512-b7uo2UCUOYZcnF/3ID0lulOJi/bafxa1xPe7ZPsammBSpjSWQkjNxlt635YGS2MiR9GjvuXCtz2emr3jbsz98g==",
			"license": "MIT"
		},
		"node_modules/peggy": {
			"version": "3.0.2",
			"resolved": "https://registry.npmjs.org/peggy/-/peggy-3.0.2.tgz",
			"integrity": "sha512-n7chtCbEoGYRwZZ0i/O3t1cPr6o+d9Xx4Zwy2LYfzv0vjchMBU0tO+qYYyvZloBPcgRgzYvALzGWHe609JjEpg==",
			"license": "MIT",
			"peer": true,
			"dependencies": {
				"commander": "^10.0.0",
				"source-map-generator": "0.8.0"
			},
			"bin": {
				"peggy": "bin/peggy.js"
			},
			"engines": {
				"node": ">=14"
			}
		},
		"node_modules/picomatch": {
			"version": "4.0.7",
			"resolved": "https://registry.npmjs.org/picomatch/-/picomatch-4.0.7.tgz",
			"integrity": "sha512-qcJu88Q2IWqJsDD529JKMdwGm/dvInW4HvQnRwiH9JtihJvzGOscDtHE3x1pBKeUOTysQ8kVmLnJ2kJu7yhcGA==",
			"license": "MIT",
			"engines": {
				"node": ">=12"
			},
			"funding": {
				"url": "https://github.com/sponsors/jonschlinkert"
			}
		},
		"node_modules/prettier": {
			"version": "3.9.9",
			"resolved": "https://registry.npmjs.org/prettier/-/prettier-3.9.9.tgz",
			"integrity": "sha512-Z/CJHIkdujO/OtN7nXUii0Rf3VT5SRuhjBA82Xvu2XhBUgX3nhP67T0LHceBdQLex7OOFGTox+Q5Yg8Jk2Qivg==",
			"license": "MIT",
			"bin": {
				"prettier": "bin/prettier.cjs"
			},
			"engines": {
				"node": ">=14"
			},
			"funding": {
				"url": "https://github.com/prettier/prettier?sponsor=1"
			}
		},
		"node_modules/rfdc": {
			"version": "1.3.0",
			"resolved": "https://registry.npmjs.org/rfdc/-/rfdc-1.3.0.tgz",
			"integrity": "sha512-V2hovdzFbOi77/WajaSMXk2OLm+xNIeQdMMuB7icj7bk6zi2F8GGAxigcnDFpJHbNyNcgyJDiP+8nOrY5cZGrA=="
		},
		"node_modules/source-map-generator": {
			"version": "0.8.0",
			"resolved": "https://registry.npmjs.org/source-map-generator/-/source-map-generator-0.8.0.tgz",
			"integrity": "sha512-psgxdGMwl5MZM9S3FWee4EgsEaIjahYV5AzGnwUvPhWeITz/j6rKpysQHlQ4USdxvINlb8lKfWGIXwfkrgtqkA==",
			"license": "BSD-3-Clause",
			"peer": true,
			"engines": {
				"node": ">= 10"
			}
		},
		"node_modules/streamroller": {
			"version": "3.1.5",
			"resolved": "https://registry.npmjs.org/streamroller/-/streamroller-3.1.5.tgz",
			"integrity": "sha512-KFxaM7XT+irxvdqSP1LGLgNWbYN7ay5owZ3r/8t77p+EtSUAfUgtl7be3xtqtOmGUl9K9YPO2ca8133RlTjvKw==",
			"dependencies": {
				"date-format": "^4.0.14",
				"debug": "^4.3.4",
				"fs-extra": "^8.1.0"
			},
			"engines": {
				"node": ">=8.0"
			}
		},
		"node_modules/synckit": {
			"version": "0.11.13",
			"resolved": "https://registry.npmjs.org/synckit/-/synckit-0.11.13.tgz",
			"integrity": "sha512-eNRKgb3z66Yp3D2CixVujOUvXLFUTij/zVnV8KRyvFdQwpz7I5DS8UfRkTeLzb64u+dkzDSdelE24izu+zSSUg==",
			"license": "MIT",
			"dependencies": {
				"@pkgr/core": "^0.3.6"
			},
			"engines": {
				"node": "^14.18.0 || >=16.0.0"
			},
			"funding": {
				"url": "https://opencollective.com/synckit"
			}
		},
		"node_modules/tinyglobby": {
			"version": "0.2.17",
			"resolved": "https://registry.npmjs.org/tinyglobby/-/tinyglobby-0.2.17.tgz",
			"integrity": "sha512-wXR/dYpcqKmfWpEdZjiKJOwCNFndD0DMnrW/cYjVGttEkBfVgcLFHoNrlj47mjOVic9yyNu65alsgF4NQyTa2g==",
			"license": "MIT",
			"dependencies": {
				"fdir": "^6.5.0",
				"picomatch": "^4.0.4"
			},
			"engines": {
				"node": ">=12.0.0"
			},
			"funding": {
				"url": "https://github.com/sponsors/SuperchupuDev"
			}
		},
		"node_modules/ts-morph": {
			"version": "28.0.0",
			"resolved": "https://registry.npmjs.org/ts-morph/-/ts-morph-28.0.0.tgz",
			"integrity": "sha512-Wp3tnZ2bzwxyTZMtgWVzXDfm7lB1Drz+y9DmmYH/L702PQhPyVrp3pkou3yIz4qjS14GY9kcpmLiOOMvl8oG1g==",
			"license": "MIT",
			"dependencies": {
				"@ts-morph/common": "~0.29.0",
				"code-block-writer": "^13.0.3"
			}
		},
		"node_modules/ts-pegjs": {
			"version": "4.2.2",
			"resolved": "https://registry.npmjs.org/ts-pegjs/-/ts-pegjs-4.2.2.tgz",
			"integrity": "sha512-zUcH5Hsjlh3SKKsSXD9mbNB/lKa2y0NFgSOhtlnZxbe5S7iNZLJBnN2M0HyuVpry7DPdcYnuWtpOqgvt05D26g==",
			"license": "MIT",
			"dependencies": {
				"prettier": "^3.9.6",
				"synckit": "^0.11.13",
				"ts-morph": "^28.0.0"
			},
			"bin": {
				"tspegjs": "dist/cli.mjs"
			},
			"peerDependencies": {
				"peggy": "^3.0.2"
			}
		},
		"node_modules/universalify": {
			"version": "0.1.2",
			"resolved": "https://registry.npmjs.org/universalify/-/universalify-0.1.2.tgz",
			"integrity": "sha512-rBJeI5CXAlmy1pV+617WB9J63U6XcazHHF2f2dbJix4XzpUF0RS3Zbj0FGIOCAva5P/d/GBOYaACQ1w+0azUkg==",
			"engines": {
				"node": ">= 4.0.0"
			}
		},
		"node_modules/vscode-jsonrpc": {
			"version": "8.2.0",
			"resolved": "https://registry.npmjs.org/vscode-jsonrpc/-/vscode-jsonrpc-8.2.0.tgz",
			"integrity": "sha512-C+r0eKJUIfiDIfwJhria30+TYWPtuHJXHtI7J0YlOmKAo7ogxP20T0zxB7HZQIFhIyvoBPwWskjxrvAtfjyZfA==",
			"engines": {
				"node": ">=14.0.0"
			}
		},
		"node_modules/vscode-languageserver": {
			"version": "9.0.1",
			"resolved": "https://registry.npmjs.org/vscode-languageserver/-/vscode-languageserver-9.0.1.tgz",
			"integrity": "sha512-woByF3PDpkHFUreUa7Hos7+pUWdeWMXRd26+ZX2A8cFx6v/JPTtd4/uN0/jB6XQHYaOlHbio03NTHCqrgG5n7g==",
			"dependencies": {
				"vscode-languageserver-protocol": "3.17.5"
			},
			"bin": {
				"installServerIntoExtension": "bin/installServerIntoExtension"
			}
		},
		"node_modules/vscode-languageserver-protocol": {
			"version": "3.17.5",
			"resolved": "https://registry.npmjs.org/vscode-languageserver-protocol/-/vscode-languageserver-protocol-3.17.5.tgz",
			"integrity": "sha512-mb1bvRJN8SVznADSGWM9u/b07H7Ecg0I3OgXDuLdn307rl/J3A9YD6/eYOssqhecL27hK1IPZAsaqh00i/Jljg==",
			"dependencies": {
				"vscode-jsonrpc": "8.2.0",
				"vscode-languageserver-types": "3.17.5"
			}
		},
		"node_modules/vscode-languageserver-textdocument": {
			"version": "1.0.11",
			"resolved": "https://registry.npmjs.org/vscode-languageserver-textdocument/-/vscode-languageserver-textdocument-1.0.11.tgz",
			"integrity": "sha512-X+8T3GoiwTVlJbicx/sIAF+yuJAqz8VvwJyoMVhwEMoEKE/fkDmrqUgDMyBECcM2A2frVZIUj5HI/ErRXCfOeA=="
		},
		"node_modules/vscode-languageserver-types": {
			"version": "3.17.5",
			"resolved": "https://registry.npmjs.org/vscode-languageserver-types/-/vscode-languageserver-types-3.17.5.tgz",
			"integrity": "sha512-Ld1VelNuX9pdF39h2Hgaeb5hEZM2Z3jUrrMgWQAu82jMtZp7p3vJT3BzToKtZI7NgQssZje5o0zryOrhQvzQAg=="
		},
		"node_modules/vscode-uri": {
			"version": "3.0.8",
			"resolved": "https://registry.npmjs.org/vscode-uri/-/vscode-uri-3.0.8.tgz",
			"integrity": "sha512-AyFQ0EVmsOZOlAnxoFOGOq1SQDWAB7C6aqMGS23svWAllfOaxbuFvcT8D1i8z3Gyn8fraVeZNNmN6e9bxxXkKw=="
		}
	}
}
